
Microsoft Visual Studio Solution File, Format Version 12.00
# Visual Studio Version 16
VisualStudioVersion = 16.0.29920.165
MinimumVisualStudioVersion = 10.0.40219.1
Project("{FAE04EC0-301F-11D3-BF4B-00C04F79EFBC}") = "SmartFactory", "SmartFactory.csproj", "{720705F9-09A4-4D2F-B8B8-7788CC37F6B2}"
EndProject
Global
	GlobalSection(SolutionConfigurationPlatforms) = preSolution
		Debug|Any CPU = Debug|Any CPU
		Release|Any CPU = Release|Any CPU
	EndGlobalSection
	GlobalSection(ProjectConfigurationPlatforms) = postSolution
		{720705F9-09A4-4D2F-B8B8-7788CC37F6B2}.Debug|Any CPU.ActiveCfg = Debug|Any CPU
		{720705F9-09A4-4D2F-B8B8-7788CC37F6B2}.Debug|Any CPU.Build.0 = Debug|Any CPU
		{720705F9-09A4-4D2F-B8B8-7788CC37F6B2}.Release|Any CPU.ActiveCfg = Release|Any CPU
		{720705F9-09A4-4D2F-B8B8-7788CC37F6B2}.Release|Any CPU.Build.0 = Release|Any CPU
	EndGlobalSection
	GlobalSection(SolutionProperties) = preSolution
		HideSolutionNode = FALSE
	EndGlobalSection
	GlobalSection(ExtensibilityGlobals) = postSolution
		SolutionGuid = {F43BD710-28DA-4B01-A4DF-6AA245ED8781}
	EndGlobalSection
EndGlobal
